
Microsoft Visual Studio Solution File, Format Version 12.00
# Visual Studio Version 17
VisualStudioVersion = 17.5.002.0
MinimumVisualStudioVersion = 10.0.40219.1
Project("{9A19103F-16F7-4668-BE54-9A1E7A4F7556}") = "ebay_authy", "ebay_authy.csproj", "{BCE4ACD1-BCB6-4828-834B-7601D817DD9B}"
EndProject
Global
	GlobalSection(SolutionConfigurationPlatforms) = preSolution
		Debug|Any CPU = Debug|Any CPU
		Release|Any CPU = Release|Any CPU
	EndGlobalSection
	GlobalSection(ProjectConfigurationPlatforms) = postSolution
		{BCE4ACD1-BCB6-4828-834B-7601D817DD9B}.Debug|Any CPU.ActiveCfg = Debug|Any CPU
		{BCE4ACD1-BCB6-4828-834B-7601D817DD9B}.Debug|Any CPU.Build.0 = Debug|Any CPU
		{BCE4ACD1-BCB6-4828-834B-7601D817DD9B}.Release|Any CPU.ActiveCfg = Release|Any CPU
		{BCE4ACD1-BCB6-4828-834B-7601D817DD9B}.Release|Any CPU.Build.0 = Release|Any CPU
	EndGlobalSection
	GlobalSection(SolutionProperties) = preSolution
		HideSolutionNode = FALSE
	EndGlobalSection
	GlobalSection(ExtensibilityGlobals) = postSolution
		SolutionGuid = {CFCF1E05-567E-4831-AC88-CA552A01FF1C}
	EndGlobalSection
EndGlobal
